
Microsoft Visual Studio Solution File, Format Version 11.00
# Visual Studio 2010
Project("{FAE04EC0-301F-11D3-BF4B-00C04F79EFBC}") = "Assembly-CSharp", "Assembly-CSharp.csproj", "{3a5048b8-a3f0-0726-fdac-6d42bf73e034}"
EndProject
Project("{FAE04EC0-301F-11D3-BF4B-00C04F79EFBC}") = "Assembly-CSharp-Editor", "Assembly-CSharp-Editor.csproj", "{e4447beb-b0d0-1ab0-deed-1f5d9b14d92b}"
EndProject
Global
	GlobalSection(SolutionConfigurationPlatforms) = preSolution
		Debug|Any CPU = Debug|Any CPU
	EndGlobalSection
	GlobalSection(ProjectConfigurationPlatforms) = postSolution
		{3a5048b8-a3f0-0726-fdac-6d42bf73e034}.Debug|Any CPU.ActiveCfg = Debug|Any CPU
		{3a5048b8-a3f0-0726-fdac-6d42bf73e034}.Debug|Any CPU.Build.0 = Debug|Any CPU
		{e4447beb-b0d0-1ab0-deed-1f5d9b14d92b}.Debug|Any CPU.ActiveCfg = Debug|Any CPU
		{e4447beb-b0d0-1ab0-deed-1f5d9b14d92b}.Debug|Any CPU.Build.0 = Debug|Any CPU
	EndGlobalSection
	GlobalSection(SolutionProperties) = preSolution
		HideSolutionNode = FALSE
	EndGlobalSection
EndGlobal
